
Microsoft Visual Studio Solution File, Format Version 12.00
# Visual Studio Version 17
VisualStudioVersion = 17.10.35122.118
MinimumVisualStudioVersion = 10.0.40219.1
Project("{FAE04EC0-301F-11D3-BF4B-00C04F79EFBC}") = "DotnetDesignPatterns", "DotnetDesignPatterns.csproj", "{24653D04-8436-43E7-A6E3-B300EAFD43C0}"
EndProject
Project("{FAE04EC0-301F-11D3-BF4B-00C04F79EFBC}") = "DotnetDesignPatterns.Tests", "..\DotnetDesignPatterns.Tests\DotnetDesignPatterns.Tests.csproj", "{6276D3BE-8C30-4C6E-A4A2-DDBF64C23140}"
EndProject
Global
	GlobalSection(SolutionConfigurationPlatforms) = preSolution
		Debug|Any CPU = Debug|Any CPU
		Release|Any CPU = Release|Any CPU
	EndGlobalSection
	GlobalSection(ProjectConfigurationPlatforms) = postSolution
		{24653D04-8436-43E7-A6E3-B300EAFD43C0}.Debug|Any CPU.ActiveCfg = Debug|Any CPU
		{24653D04-8436-43E7-A6E3-B300EAFD43C0}.Debug|Any CPU.Build.0 = Debug|Any CPU
		{24653D04-8436-43E7-A6E3-B300EAFD43C0}.Release|Any CPU.ActiveCfg = Release|Any CPU
		{24653D04-8436-43E7-A6E3-B300EAFD43C0}.Release|Any CPU.Build.0 = Release|Any CPU
		{6276D3BE-8C30-4C6E-A4A2-DDBF64C23140}.Debug|Any CPU.ActiveCfg = Debug|Any CPU
		{6276D3BE-8C30-4C6E-A4A2-DDBF64C23140}.Debug|Any CPU.Build.0 = Debug|Any CPU
		{6276D3BE-8C30-4C6E-A4A2-DDBF64C23140}.Release|Any CPU.ActiveCfg = Release|Any CPU
		{6276D3BE-8C30-4C6E-A4A2-DDBF64C23140}.Release|Any CPU.Build.0 = Release|Any CPU
	EndGlobalSection
	GlobalSection(SolutionProperties) = preSolution
		HideSolutionNode = FALSE
	EndGlobalSection
	GlobalSection(ExtensibilityGlobals) = postSolution
		SolutionGuid = {754B08E9-BCD6-47D0-B7B8-E65C5BC8B1D5}
	EndGlobalSection
EndGlobal
